
Microsoft Visual Studio Solution File, Format Version 12.00
# Visual Studio Version 17
VisualStudioVersion = 17.14.36408.4
MinimumVisualStudioVersion = 10.0.40219.1
Project("{FAE04EC0-301F-11D3-BF4B-00C04F79EFBC}") = "Proyecto_servicio", "..\..\..\OneDrive\Desktop\Proyecto_sqlintegrado\Proyecto_servicio-master\Proyecto_servicio\Proyecto_servicio.csproj", "{1D46A5AE-B202-3043-950C-C7EAE02E86C1}"
EndProject
Global
	GlobalSection(SolutionConfigurationPlatforms) = preSolution
		Debug|Any CPU = Debug|Any CPU
		Debug|ARM32 = Debug|ARM32
		Debug|ARM64 = Debug|ARM64
		Release|Any CPU = Release|Any CPU
		Release|ARM32 = Release|ARM32
		Release|ARM64 = Release|ARM64
	EndGlobalSection
	GlobalSection(ProjectConfigurationPlatforms) = postSolution
		{1D46A5AE-B202-3043-950C-C7EAE02E86C1}.Debug|Any CPU.ActiveCfg = Debug|Any CPU
		{1D46A5AE-B202-3043-950C-C7EAE02E86C1}.Debug|Any CPU.Build.0 = Debug|Any CPU
		{1D46A5AE-B202-3043-950C-C7EAE02E86C1}.Debug|ARM32.ActiveCfg = Debug|ARM32
		{1D46A5AE-B202-3043-950C-C7EAE02E86C1}.Debug|ARM32.Build.0 = Debug|ARM32
		{1D46A5AE-B202-3043-950C-C7EAE02E86C1}.Debug|ARM64.ActiveCfg = Debug|ARM64
		{1D46A5AE-B202-3043-950C-C7EAE02E86C1}.Debug|ARM64.Build.0 = Debug|ARM64
		{1D46A5AE-B202-3043-950C-C7EAE02E86C1}.Release|Any CPU.ActiveCfg = Release|Any CPU
		{1D46A5AE-B202-3043-950C-C7EAE02E86C1}.Release|Any CPU.Build.0 = Release|Any CPU
		{1D46A5AE-B202-3043-950C-C7EAE02E86C1}.Release|ARM32.ActiveCfg = Release|ARM32
		{1D46A5AE-B202-3043-950C-C7EAE02E86C1}.Release|ARM32.Build.0 = Release|ARM32
		{1D46A5AE-B202-3043-950C-C7EAE02E86C1}.Release|ARM64.ActiveCfg = Release|ARM64
		{1D46A5AE-B202-3043-950C-C7EAE02E86C1}.Release|ARM64.Build.0 = Release|ARM64
	EndGlobalSection
	GlobalSection(SolutionProperties) = preSolution
		HideSolutionNode = FALSE
	EndGlobalSection
	GlobalSection(ExtensibilityGlobals) = postSolution
		SolutionGuid = {3654FAE6-44F2-4283-A971-121C07D946F9}
	EndGlobalSection
EndGlobal
